
Microsoft Visual Studio Solution File, Format Version 12.00
# Visual Studio Version 17
VisualStudioVersion = 17.4.33110.190
MinimumVisualStudioVersion = 10.0.40219.1
Project("{FAE04EC0-301F-11D3-BF4B-00C04F79EFBC}") = "SimpleCalculator", "SimpleCalculator.csproj", "{5716AE43-0585-4994-99EF-FBEB6FFF58EA}"
EndProject
Global
	GlobalSection(SolutionConfigurationPlatforms) = preSolution
		Debug|Any CPU = Debug|Any CPU
		Release|Any CPU = Release|Any CPU
	EndGlobalSection
	GlobalSection(ProjectConfigurationPlatforms) = postSolution
		{5716AE43-0585-4994-99EF-FBEB6FFF58EA}.Debug|Any CPU.ActiveCfg = Debug|Any CPU
		{5716AE43-0585-4994-99EF-FBEB6FFF58EA}.Debug|Any CPU.Build.0 = Debug|Any CPU
		{5716AE43-0585-4994-99EF-FBEB6FFF58EA}.Release|Any CPU.ActiveCfg = Release|Any CPU
		{5716AE43-0585-4994-99EF-FBEB6FFF58EA}.Release|Any CPU.Build.0 = Release|Any CPU
	EndGlobalSection
	GlobalSection(SolutionProperties) = preSolution
		HideSolutionNode = FALSE
	EndGlobalSection
	GlobalSection(ExtensibilityGlobals) = postSolution
		SolutionGuid = {BCE3F76B-EBEB-48E6-9DE3-7554E72D8371}
	EndGlobalSection
EndGlobal
